// !$*UTF8*$!
{
	archiveVersion = 1;
	classes = {
	};
	objectVersion = 48;
	objects = {

/* Begin PBXBuildFile section */
		76683FDD1FD2988C00F01C16 /* AppDelegate.swift in Sources */ = {isa = PBXBuildFile; fileRef = 76683FDC1FD2988C00F01C16 /* AppDelegate.swift */; };
		76683FDF1FD2988C00F01C16 /* ViewController.swift in Sources */ = {isa = PBXBuildFile; fileRef = 76683FDE1FD2988C00F01C16 /* ViewController.swift */; };
		76683FE21FD2988C00F01C16 /* Main.storyboard in Resources */ = {isa = PBXBuildFile; fileRef = 76683FE01FD2988C00F01C16 /* Main.storyboard */; };
		76683FE41FD2988C00F01C16 /* Assets.xcassets in Resources */ = {isa = PBXBuildFile; fileRef = 76683FE31FD2988C00F01C16 /* Assets.xcassets */; };
		76683FE71FD2988C00F01C16 /* LaunchScreen.storyboard in Resources */ = {isa = PBXBuildFile; fileRef = 76683FE51FD2988C00F01C16 /* LaunchScreen.storyboard */; };
		76683FEF1FD2997D00F01C16 /* CustomView.swift in Sources */ = {isa = PBXBuildFile; fileRef = 76683FEE1FD2997D00F01C16 /* CustomView.swift */; };
/* End PBXBuildFile section */

/* Begin PBXFileReference section */
		76683FD91FD2988C00F01C16 /* Homework.app */ = {isa = PBXFileReference; explicitFileType = wrapper.application; includeInIndex = 0; path = Homework.app; sourceTree = BUILT_PRODUCTS_DIR; };
		76683FDC1FD2988C00F01C16 /* AppDelegate.swift */ = {isa = PBXFileReference; lastKnownFileType = sourcecode.swift; path = AppDelegate.swift; sourceTree = "<group>"; };
		76683FDE1FD2988C00F01C16 /* ViewController.swift */ = {isa = PBXFileReference; lastKnownFileType = sourcecode.swift; path = ViewController.swift; sourceTree = "<group>"; };
		76683FE11FD2988C00F01C16 /* Base */ = {isa = PBXFileReference; lastKnownFileType = file.storyboard; name = Base; path = Base.lproj/Main.storyboard; sourceTree = "<group>"; };
		76683FE31FD2988C00F01C16 /* Assets.xcassets */ = {isa = PBXFileReference; lastKnownFileType = folder.assetcatalog; path = Assets.xcassets; sourceTree = "<group>"; };
		76683FE61FD2988C00F01C16 /* Base */ = {isa = PBXFileReference; lastKnownFileType = file.storyboard; name = Base; path = Base.lproj/LaunchScreen.storyboard; sourceTree = "<group>"; };
		76683FE81FD2988C00F01C16 /* Info.plist */ = {isa = PBXFileReference; lastKnownFileType = text.plist.xml; path = Info.plist; sourceTree = "<group>"; };
		76683FEE1FD2997D00F01C16 /* CustomView.swift */ = {isa = PBXFileReference; lastKnownFileType = sourcecode.swift; path = CustomView.swift; sourceTree = "<group>"; };
/* End PBXFileReference section */

/* Begin PBXFrameworksBuildPhase section */
		76683FD61FD2988B00F01C16 /* Frameworks */ = {
			isa = PBXFrameworksBuildPhase;
			buildActionMask = 2147483647;
			files = (
			);
			runOnlyForDeploymentPostprocessing = 0;
		};
/* End PBXFrameworksBuildPhase section */

/* Begin PBXGroup section */
		76683FD01FD2988B00F01C16 = {
			isa = PBXGroup;
			children = (
				76683FDB1FD2988C00F01C16 /* Homework */,
				76683FDA1FD2988C00F01C16 /* Products */,
			);
			sourceTree = "<group>";
		};
		76683FDA1FD2988C00F01C16 /* Products */ = {
			isa = PBXGroup;
			children = (
				76683FD91FD2988C00F01C16 /* Homework.app */,
			);
			name = Products;
			sourceTree = "<group>";
		};
		76683FDB1FD2988C00F01C16 /* Homework */ = {
			isa = PBXGroup;
			children = (
				76683FEE1FD2997D00F01C16 /* CustomView.swift */,
				76683FDC1FD2988C00F01C16 /* AppDelegate.swift */,
				76683FDE1FD2988C00F01C16 /* ViewController.swift */,
				76683FE01FD2988C00F01C16 /* Main.storyboard */,
				76683FE31FD2988C00F01C16 /* Assets.xcassets */,
				76683FE51FD2988C00F01C16 /* LaunchScreen.storyboard */,
				76683FE81FD2988C00F01C16 /* Info.plist */,
			);
			path = Homework;
			sourceTree = "<group>";
		};
/* End PBXGroup section */

/* Begin PBXNativeTarget section */
		76683FD81FD2988B00F01C16 /* Homework */ = {
			isa = PBXNativeTarget;
			buildConfigurationList = 76683FEB1FD2988C00F01C16 /* Build configuration list for PBXNativeTarget "Homework" */;
			buildPhases = (
				76683FD51FD2988B00F01C16 /* Sources */,
				76683FD61FD2988B00F01C16 /* Frameworks */,
				76683FD71FD2988B00F01C16 /* Resources */,
			);
			buildRules = (
			);
			dependencies = (
			);
			name = Homework;
			productName = Homework;
			productReference = 76683FD91FD2988C00F01C16 /* Homework.app */;
			productType = "com.apple.product-type.application";
		};
/* End PBXNativeTarget section */

/* Begin PBXProject section */
		76683FD11FD2988B00F01C16 /* Project object */ = {
			isa = PBXProject;
			attributes = {
				LastSwiftUpdateCheck = 0910;
				LastUpgradeCheck = 0910;
				ORGANIZATIONNAME = uni;
				TargetAttributes = {
					76683FD81FD2988B00F01C16 = {
						CreatedOnToolsVersion = 9.1;
						ProvisioningStyle = Automatic;
					};
				};
			};
			buildConfigurationList = 76683FD41FD2988B00F01C16 /* Build configuration list for PBXProject "Homework" */;
			compatibilityVersion = "Xcode 8.0";
			developmentRegion = en;
			hasScannedForEncodings = 0;
			knownRegions = (
				en,
				Base,
			);
			mainGroup = 76683FD01FD2988B00F01C16;
			productRefGroup = 76683FDA1FD2988C00F01C16 /* Products */;
			projectDirPath = "";
			projectRoot = "";
			targets = (
				76683FD81FD2988B00F01C16 /* Homework */,
			);
		};
/* End PBXProject section */

/* Begin PBXResourcesBuildPhase section */
		76683FD71FD2988B00F01C16 /* Resources */ = {
			isa = PBXResourcesBuildPhase;
			buildActionMask = 2147483647;
			files = (
				76683FE71FD2988C00F01C16 /* LaunchScreen.storyboard in Resources */,
				76683FE41FD2988C00F01C16 /* Assets.xcassets in Resources */,
				76683FE21FD2988C00F01C16 /* Main.storyboard in Resources */,
			);
			runOnlyForDeploymentPostprocessing = 0;
		};
/* End PBXResourcesBuildPhase section */

/* Begin PBXSourcesBuildPhase section */
		76683FD51FD2988B00F01C16 /* Sources */ = {
			isa = PBXSourcesBuildPhase;
			buildActionMask = 2147483647;
			files = (
				76683FEF1FD2997D00F01C16 /* CustomView.swift in Sources */,
				76683FDF1FD2988C00F01C16 /* ViewController.swift in Sources */,
				76683FDD1FD2988C00F01C16 /* AppDelegate.swift in Sources */,
			);
			runOnlyForDeploymentPostprocessing = 0;
		};
/* End PBXSourcesBuildPhase section */

/* Begin PBXVariantGroup section */
		76683FE01FD2988C00F01C16 /* Main.storyboard */ = {
			isa = PBXVariantGroup;
			children = (
				76683FE11FD2988C00F01C16 /* Base */,
			);
			name = Main.storyboard;
			sourceTree = "<group>";
		};
		76683FE51FD2988C00F01C16 /* LaunchScreen.storyboard */ = {
			isa = PBXVariantGroup;
			children = (
				76683FE61FD2988C00F01C16 /* Base */,
			);
			name = LaunchScreen.storyboard;
			sourceTree = "<group>";
		};
/* End PBXVariantGroup section */

/* Begin XCBuildConfiguration section */
		76683FE91FD2988C00F01C16 /* Debug */ = {
			isa = XCBuildConfiguration;
			buildSettings = {
				ALWAYS_SEARCH_USER_PATHS = NO;
				CLANG_ANALYZER_NONNULL = YES;
				CLANG_ANALYZER_NUMBER_OBJECT_CONVERSION = YES_AGGRESSIVE;
				CLANG_CXX_LANGUAGE_STANDARD = "gnu++14";
				CLANG_CXX_LIBRARY = "libc++";
				CLANG_ENABLE_MODULES = YES;
				CLANG_ENABLE_OBJC_ARC = YES;
				CLANG_WARN_BLOCK_CAPTURE_AUTORELEASING = YES;
				CLANG_WARN_BOOL_CONVERSION = YES;
				CLANG_WARN_COMMA = YES;
				CLANG_WARN_CONSTANT_CONVERSION = YES;
				CLANG_WARN_DIRECT_OBJC_ISA_USAGE = YES_ERROR;
				CLANG_WARN_DOCUMENTATION_COMMENTS = YES;
				CLANG_WARN_EMPTY_BODY = YES;
				CLANG_WARN_ENUM_CONVERSION = YES;
				CLANG_WARN_INFINITE_RECURSION = YES;
				CLANG_WARN_INT_CONVERSION = YES;
				CLANG_WARN_NON_LITERAL_NULL_CONVERSION = YES;
				CLANG_WARN_OBJC_LITERAL_CONVERSION = YES;
				CLANG_WARN_OBJC_ROOT_CLASS = YES_ERROR;
				CLANG_WARN_RANGE_LOOP_ANALYSIS = YES;
				CLANG_WARN_STRICT_PROTOTYPES = YES;
				CLANG_WARN_SUSPICIOUS_MOVE = YES;
				CLANG_WARN_UNGUARDED_AVAILABILITY = YES_AGGRESSIVE;
				CLANG_WARN_UNREACHABLE_CODE = YES;
				CLANG_WARN__DUPLICATE_METHOD_MATCH = YES;
				CODE_SIGN_IDENTITY = "iPhone Developer";
				COPY_PHASE_STRIP = NO;
				DEBUG_INFORMATION_FORMAT = dwarf;
				ENABLE_STRICT_OBJC_MSGSEND = YES;
				ENABLE_TESTABILITY = YES;
				GCC_C_LANGUAGE_STANDARD = gnu11;
				GCC_DYNAMIC_NO_PIC = NO;
				GCC_NO_COMMON_BLOCKS = YES;
				GCC_OPTIMIZATION_LEVEL = 0;
				GCC_PREPROCESSOR_DEFINITIONS = (
					"DEBUG=1",
					"$(inherited)",
				);
				GCC_WARN_64_TO_32_BIT_CONVERSION = YES;
				GCC_WARN_ABOUT_RETURN_TYPE = YES_ERROR;
				GCC_WARN_UNDECLARED_SELECTOR = YES;
				GCC_WARN_UNINITIALIZED_AUTOS = YES_AGGRESSIVE;
				GCC_WARN_UNUSED_FUNCTION = YES;
				GCC_WARN_UNUSED_VARIABLE = YES;
				IPHONEOS_DEPLOYMENT_TARGET = 11.1;
				MTL_ENABLE_DEBUG_INFO = YES;
				ONLY_ACTIVE_ARCH = YES;
				SDKROOT = iphoneos;
				SWIFT_ACTIVE_COMPILATION_CONDITIONS = DEBUG;
				SWIFT_OPTIMIZATION_LEVEL = "-Onone";
			};
			name = Debug;
		};
		76683FEA1FD2988C00F01C16 /* Release */ = {
			isa = XCBuildConfiguration;
			buildSettings = {
				ALWAYS_SEARCH_USER_PATHS = NO;
				CLANG_ANALYZER_NONNULL = YES;
				CLANG_ANALYZER_NUMBER_OBJECT_CONVERSION = YES_AGGRESSIVE;
				CLANG_CXX_LANGUAGE_STANDARD = "gnu++14";
				CLANG_CXX_LIBRARY = "libc++";
				CLANG_ENABLE_MODULES = YES;
				CLANG_ENABLE_OBJC_ARC = YES;
				CLANG_WARN_BLOCK_CAPTURE_AUTORELEASING = YES;
				CLANG_WARN_BOOL_CONVERSION = YES;
				CLANG_WARN_COMMA = YES;
				CLANG_WARN_CONSTANT_CONVERSION = YES;
				CLANG_WARN_DIRECT_OBJC_ISA_USAGE = YES_ERROR;
				CLANG_WARN_DOCUMENTATION_COMMENTS = YES;
				CLANG_WARN_EMPTY_BODY = YES;
				CLANG_WARN_ENUM_CONVERSION = YES;
				CLANG_WARN_INFINITE_RECURSION = YES;
				CLANG_WARN_INT_CONVERSION = YES;
				CLANG_WARN_NON_LITERAL_NULL_CONVERSION = YES;
				CLANG_WARN_OBJC_LITERAL_CONVERSION = YES;
				CLANG_WARN_OBJC_ROOT_CLASS = YES_ERROR;
				CLANG_WARN_RANGE_LOOP_ANALYSIS = YES;
				CLANG_WARN_STRICT_PROTOTYPES = YES;
				CLANG_WARN_SUSPICIOUS_MOVE = YES;
				CLANG_WARN_UNGUARDED_AVAILABILITY = YES_AGGRESSIVE;
				CLANG_WARN_UNREACHABLE_CODE = YES;
				CLANG_WARN__DUPLICATE_METHOD_MATCH = YES;
				CODE_SIGN_IDENTITY = "iPhone Developer";
				COPY_PHASE_STRIP = NO;
				DEBUG_INFORMATION_FORMAT = "dwarf-with-dsym";
				ENABLE_NS_ASSERTIONS = NO;
				ENABLE_STRICT_OBJC_MSGSEND = YES;
				GCC_C_LANGUAGE_STANDARD = gnu11;
				GCC_NO_COMMON_BLOCKS = YES;
				GCC_WARN_64_TO_32_BIT_CONVERSION = YES;
				GCC_WARN_ABOUT_RETURN_TYPE = YES_ERROR;
				GCC_WARN_UNDECLARED_SELECTOR = YES;
				GCC_WARN_UNINITIALIZED_AUTOS = YES_AGGRESSIVE;
				GCC_WARN_UNUSED_FUNCTION = YES;
				GCC_WARN_UNUSED_VARIABLE = YES;
				IPHONEOS_DEPLOYMENT_TARGET = 11.1;
				MTL_ENABLE_DEBUG_INFO = NO;
				SDKROOT = iphoneos;
				SWIFT_OPTIMIZATION_LEVEL = "-Owholemodule";
				VALIDATE_PRODUCT = YES;
			};
			name = Release;
		};
		76683FEC1FD2988C00F01C16 /* Debug */ = {
			isa = XCBuildConfiguration;
			buildSettings = {
				ASSETCATALOG_COMPILER_APPICON_NAME = AppIcon;
				CODE_SIGN_STYLE = Automatic;
				DEVELOPMENT_TEAM = F9N83EDLLD;
				INFOPLIST_FILE = Homework/Info.plist;
				IPHONEOS_DEPLOYMENT_TARGET = 9.0;
				LD_RUNPATH_SEARCH_PATHS = "$(inherited) @executable_path/Frameworks";
				PRODUCT_BUNDLE_IDENTIFIER = "bg.sofia-uni.fmi.Homework";
				PRODUCT_NAME = "$(TARGET_NAME)";
				SWIFT_VERSION = 4.0;
				TARGETED_DEVICE_FAMILY = "1,2";
			};
			name = Debug;
		};
		76683FED1FD2988C00F01C16 /* Release */ = {
			isa = XCBuildConfiguration;
			buildSettings = {
				ASSETCATALOG_COMPILER_APPICON_NAME = AppIcon;
				CODE_SIGN_STYLE = Automatic;
				DEVELOPMENT_TEAM = F9N83EDLLD;
				INFOPLIST_FILE = Homework/Info.plist;
				IPHONEOS_DEPLOYMENT_TARGET = 9.0;
				LD_RUNPATH_SEARCH_PATHS = "$(inherited) @executable_path/Frameworks";
				PRODUCT_BUNDLE_IDENTIFIER = "bg.sofia-uni.fmi.Homework";
				PRODUCT_NAME = "$(TARGET_NAME)";
				SWIFT_VERSION = 4.0;
				TARGETED_DEVICE_FAMILY = "1,2";
			};
			name = Release;
		};
/* End XCBuildConfiguration section */

/* Begin XCConfigurationList section */
		76683FD41FD2988B00F01C16 /* Build configuration list for PBXProject "Homework" */ = {
			isa = XCConfigurationList;
			buildConfigurations = (
				76683FE91FD2988C00F01C16 /* Debug */,
				76683FEA1FD2988C00F01C16 /* Release */,
			);
			defaultConfigurationIsVisible = 0;
			defaultConfigurationName = Release;
		};
		76683FEB1FD2988C00F01C16 /* Build configuration list for PBXNativeTarget "Homework" */ = {
			isa = XCConfigurationList;
			buildConfigurations = (
				76683FEC1FD2988C00F01C16 /* Debug */,
				76683FED1FD2988C00F01C16 /* Release */,
			);
			defaultConfigurationIsVisible = 0;
			defaultConfigurationName = Release;
		};
/* End XCConfigurationList section */
	};
	rootObject = 76683FD11FD2988B00F01C16 /* Project object */;
}
